{
  "version": 4,
  "terraform_version": "1.5.7",
  "serial": 37,
  "lineage": "11a89080-9362-4039-a4c8-827cebc3e4c1",
  "outputs": {},
  "resources": [
    {
      "module": "module.start_stop_scheduler",
      "mode": "managed",
      "type": "google_cloud_run_service_iam_member",
      "name": "start_gke_function",
      "provider": "provider[\"registry.terraform.io/hashicorp/google\"]",
      "instances": [
        {
          "index_key": 0,
          "schema_version": 0,
          "attributes": {
            "condition": [],
            "etag": "BwYdcHXIkjU=",
            "id": "v1/projects/tdnest-ops/locations/asia-southeast1/services/start-gke-node-pools/roles/run.invoker/serviceAccount:sa-start-stop-trigger@tdnest-ops.iam.gserviceaccount.com",
            "location": "asia-southeast1",
            "member": "serviceAccount:sa-start-stop-trigger@tdnest-ops.iam.gserviceaccount.com",
            "project": "tdnest-ops",
            "role": "roles/run.invoker",
            "service": "v1/projects/tdnest-ops/locations/asia-southeast1/services/start-gke-node-pools"
          },
          "sensitive_attributes": [],
          "private": "bnVsbA==",
          "dependencies": [
            "module.start_stop_scheduler.google_service_account.gke_function_sa",
            "module.start_stop_scheduler.google_service_account.trigger_sa",
            "module.start_stop_scheduler.google_storage_bucket.default",
            "module.start_stop_scheduler.module.function_start_gke_node_pools.data.archive_file.default",
            "module.start_stop_scheduler.module.function_start_gke_node_pools.google_cloudfunctions2_function.default",
            "module.start_stop_scheduler.module.function_start_gke_node_pools.google_storage_bucket_object.default",
            "module.start_stop_scheduler.random_id.bucket_prefix"
          ]
        }
      ]
    },
    {
      "module": "module.start_stop_scheduler",
      "mode": "managed",
      "type": "google_cloud_run_service_iam_member",
      "name": "stop_gke_function",
      "provider": "provider[\"registry.terraform.io/hashicorp/google\"]",
      "instances": [
        {
          "index_key": 0,
          "schema_version": 0,
          "attributes": {
            "condition": [],
            "etag": "BwYdcHXFNgQ=",
            "id": "v1/projects/tdnest-ops/locations/asia-southeast1/services/stop-gke-node-pools/roles/run.invoker/serviceAccount:sa-start-stop-trigger@tdnest-ops.iam.gserviceaccount.com",
            "location": "asia-southeast1",
            "member": "serviceAccount:sa-start-stop-trigger@tdnest-ops.iam.gserviceaccount.com",
            "project": "tdnest-ops",
            "role": "roles/run.invoker",
            "service": "v1/projects/tdnest-ops/locations/asia-southeast1/services/stop-gke-node-pools"
          },
          "sensitive_attributes": [],
          "private": "bnVsbA==",
          "dependencies": [
            "module.start_stop_scheduler.google_service_account.gke_function_sa",
            "module.start_stop_scheduler.google_service_account.trigger_sa",
            "module.start_stop_scheduler.google_storage_bucket.default",
            "module.start_stop_scheduler.module.function_stop_gke_node_pools.data.archive_file.default",
            "module.start_stop_scheduler.module.function_stop_gke_node_pools.google_cloudfunctions2_function.default",
            "module.start_stop_scheduler.module.function_stop_gke_node_pools.google_storage_bucket_object.default",
            "module.start_stop_scheduler.random_id.bucket_prefix"
          ]
        }
      ]
    },
    {
      "module": "module.start_stop_scheduler",
      "mode": "managed",
      "type": "google_cloud_scheduler_job",
      "name": "start_job",
      "provider": "provider[\"registry.terraform.io/hashicorp/google\"]",
      "instances": [
        {
          "index_key": 0,
          "schema_version": 0,
          "attributes": {
            "app_engine_http_target": [],
            "attempt_deadline": "",
            "description": "",
            "http_target": [],
            "id": "projects/tdnest-ops/locations/asia-southeast1/jobs/start-gke-nodepool",
            "name": "start-gke-nodepool",
            "paused": false,
            "project": "tdnest-ops",
            "pubsub_target": [
              {
                "attributes": {
                  "gke": "true"
                },
                "data": "eyJsYWJlbHMiOm51bGwsInByb2plY3QiOiJ0ZG5lc3Qtb3BzIn0=",
                "topic_name": "projects/tdnest-ops/topics/start-instance"
              }
            ],
            "region": "asia-southeast1",
            "retry_config": [],
            "schedule": "30 8 * * 1-5",
            "state": "ENABLED",
            "time_zone": "Asia/Bangkok",
            "timeouts": null
          },
          "sensitive_attributes": [],
          "private": "eyJlMmJmYjczMC1lY2FhLTExZTYtOGY4OC0zNDM2M2JjN2M0YzAiOnsiY3JlYXRlIjoxMjAwMDAwMDAwMDAwLCJkZWxldGUiOjEyMDAwMDAwMDAwMDAsInVwZGF0ZSI6MTIwMDAwMDAwMDAwMH19",
          "dependencies": [
            "module.start_stop_scheduler.google_pubsub_topic.start_topic"
          ]
        }
      ]
    },
    {
      "module": "module.start_stop_scheduler",
      "mode": "managed",
      "type": "google_cloud_scheduler_job",
      "name": "stop_job",
      "provider": "provider[\"registry.terraform.io/hashicorp/google\"]",
      "instances": [
        {
          "index_key": 0,
          "schema_version": 0,
          "attributes": {
            "app_engine_http_target": [],
            "attempt_deadline": "",
            "description": "",
            "http_target": [],
            "id": "projects/tdnest-ops/locations/asia-southeast1/jobs/stop-gke-nodepool",
            "name": "stop-gke-nodepool",
            "paused": false,
            "project": "tdnest-ops",
            "pubsub_target": [
              {
                "attributes": {
                  "gke": "true"
                },
                "data": "eyJsYWJlbHMiOm51bGwsInByb2plY3QiOiJ0ZG5lc3Qtb3BzIn0=",
                "topic_name": "projects/tdnest-ops/topics/stop-instance"
              }
            ],
            "region": "asia-southeast1",
            "retry_config": [],
            "schedule": "0 20 * * 1-5",
            "state": "ENABLED",
            "time_zone": "Asia/Bangkok",
            "timeouts": null
          },
          "sensitive_attributes": [],
          "private": "eyJlMmJmYjczMC1lY2FhLTExZTYtOGY4OC0zNDM2M2JjN2M0YzAiOnsiY3JlYXRlIjoxMjAwMDAwMDAwMDAwLCJkZWxldGUiOjEyMDAwMDAwMDAwMDAsInVwZGF0ZSI6MTIwMDAwMDAwMDAwMH19",
          "dependencies": [
            "module.start_stop_scheduler.google_pubsub_topic.stop_topic"
          ]
        }
      ]
    },
    {
      "module": "module.start_stop_scheduler",
      "mode": "managed",
      "type": "google_project_iam_member",
      "name": "gke_function",
      "provider": "provider[\"registry.terraform.io/hashicorp/google\"]",
      "instances": [
        {
          "index_key": "tdnest-ops",
          "schema_version": 0,
          "attributes": {
            "condition": [],
            "etag": "BwYdcG2s7WY=",
            "id": "tdnest-ops/roles/container.clusterAdmin/serviceAccount:sa-start-stop-gke-function@tdnest-ops.iam.gserviceaccount.com",
            "member": "serviceAccount:sa-start-stop-gke-function@tdnest-ops.iam.gserviceaccount.com",
            "project": "tdnest-ops",
            "role": "roles/container.clusterAdmin"
          },
          "sensitive_attributes": [],
          "private": "bnVsbA==",
          "dependencies": [
            "module.start_stop_scheduler.google_service_account.gke_function_sa"
          ]
        }
      ]
    },
    {
      "module": "module.start_stop_scheduler",
      "mode": "managed",
      "type": "google_pubsub_topic",
      "name": "start_topic",
      "provider": "provider[\"registry.terraform.io/hashicorp/google\"]",
      "instances": [
        {
          "schema_version": 0,
          "attributes": {
            "effective_labels": {},
            "id": "projects/tdnest-ops/topics/start-instance",
            "ingestion_data_source_settings": [],
            "kms_key_name": "",
            "labels": {},
            "message_retention_duration": "",
            "message_storage_policy": [],
            "name": "start-instance",
            "project": "tdnest-ops",
            "schema_settings": [],
            "terraform_labels": {},
            "timeouts": null
          },
          "sensitive_attributes": [],
          "private": "eyJlMmJmYjczMC1lY2FhLTExZTYtOGY4OC0zNDM2M2JjN2M0YzAiOnsiY3JlYXRlIjoxMjAwMDAwMDAwMDAwLCJkZWxldGUiOjEyMDAwMDAwMDAwMDAsInVwZGF0ZSI6MTIwMDAwMDAwMDAwMH19"
        }
      ]
    },
    {
      "module": "module.start_stop_scheduler",
      "mode": "managed",
      "type": "google_pubsub_topic",
      "name": "stop_topic",
      "provider": "provider[\"registry.terraform.io/hashicorp/google\"]",
      "instances": [
        {
          "schema_version": 0,
          "attributes": {
            "effective_labels": {},
            "id": "projects/tdnest-ops/topics/stop-instance",
            "ingestion_data_source_settings": [],
            "kms_key_name": "",
            "labels": {},
            "message_retention_duration": "",
            "message_storage_policy": [],
            "name": "stop-instance",
            "project": "tdnest-ops",
            "schema_settings": [],
            "terraform_labels": {},
            "timeouts": null
          },
          "sensitive_attributes": [],
          "private": "eyJlMmJmYjczMC1lY2FhLTExZTYtOGY4OC0zNDM2M2JjN2M0YzAiOnsiY3JlYXRlIjoxMjAwMDAwMDAwMDAwLCJkZWxldGUiOjEyMDAwMDAwMDAwMDAsInVwZGF0ZSI6MTIwMDAwMDAwMDAwMH19"
        }
      ]
    },
    {
      "module": "module.start_stop_scheduler",
      "mode": "managed",
      "type": "google_service_account",
      "name": "gke_function_sa",
      "provider": "provider[\"registry.terraform.io/hashicorp/google\"]",
      "instances": [
        {
          "index_key": 0,
          "schema_version": 0,
          "attributes": {
            "account_id": "sa-start-stop-gke-function",
            "create_ignore_already_exists": null,
            "description": "",
            "disabled": false,
            "display_name": "Service Account for start stop gke function",
            "email": "sa-start-stop-gke-function@tdnest-ops.iam.gserviceaccount.com",
            "id": "projects/tdnest-ops/serviceAccounts/sa-start-stop-gke-function@tdnest-ops.iam.gserviceaccount.com",
            "member": "serviceAccount:sa-start-stop-gke-function@tdnest-ops.iam.gserviceaccount.com",
            "name": "projects/tdnest-ops/serviceAccounts/sa-start-stop-gke-function@tdnest-ops.iam.gserviceaccount.com",
            "project": "tdnest-ops",
            "timeouts": null,
            "unique_id": "113872563880093555091"
          },
          "sensitive_attributes": [],
          "private": "eyJlMmJmYjczMC1lY2FhLTExZTYtOGY4OC0zNDM2M2JjN2M0YzAiOnsiY3JlYXRlIjozMDAwMDAwMDAwMDB9fQ=="
        }
      ]
    },
    {
      "module": "module.start_stop_scheduler",
      "mode": "managed",
      "type": "google_service_account",
      "name": "trigger_sa",
      "provider": "provider[\"registry.terraform.io/hashicorp/google\"]",
      "instances": [
        {
          "index_key": 0,
          "schema_version": 0,
          "attributes": {
            "account_id": "sa-start-stop-trigger",
            "create_ignore_already_exists": null,
            "description": "",
            "disabled": false,
            "display_name": "Service Account for pubsub trigger",
            "email": "sa-start-stop-trigger@tdnest-ops.iam.gserviceaccount.com",
            "id": "projects/tdnest-ops/serviceAccounts/sa-start-stop-trigger@tdnest-ops.iam.gserviceaccount.com",
            "member": "serviceAccount:sa-start-stop-trigger@tdnest-ops.iam.gserviceaccount.com",
            "name": "projects/tdnest-ops/serviceAccounts/sa-start-stop-trigger@tdnest-ops.iam.gserviceaccount.com",
            "project": "tdnest-ops",
            "timeouts": null,
            "unique_id": "113533112521830552718"
          },
          "sensitive_attributes": [],
          "private": "eyJlMmJmYjczMC1lY2FhLTExZTYtOGY4OC0zNDM2M2JjN2M0YzAiOnsiY3JlYXRlIjozMDAwMDAwMDAwMDB9fQ=="
        }
      ]
    },
    {
      "module": "module.start_stop_scheduler",
      "mode": "managed",
      "type": "google_storage_bucket",
      "name": "default",
      "provider": "provider[\"registry.terraform.io/hashicorp/google\"]",
      "instances": [
        {
          "schema_version": 1,
          "attributes": {
            "autoclass": [],
            "cors": [],
            "custom_placement_config": [],
            "default_event_based_hold": false,
            "effective_labels": {},
            "enable_object_retention": false,
            "encryption": [],
            "force_destroy": false,
            "id": "gcf-source-2fefa7cde05af7df",
            "labels": {},
            "lifecycle_rule": [],
            "location": "ASIA-SOUTHEAST1",
            "logging": [],
            "name": "gcf-source-2fefa7cde05af7df",
            "project": "tdnest-ops",
            "project_number": 1010942855726,
            "public_access_prevention": "inherited",
            "requester_pays": false,
            "retention_policy": [],
            "rpo": null,
            "self_link": "https://www.googleapis.com/storage/v1/b/gcf-source-2fefa7cde05af7df",
            "soft_delete_policy": [
              {
                "effective_time": "2024-07-17T12:11:26.732Z",
                "retention_duration_seconds": 604800
              }
            ],
            "storage_class": "STANDARD",
            "terraform_labels": {},
            "timeouts": null,
            "uniform_bucket_level_access": true,
            "url": "gs://gcf-source-2fefa7cde05af7df",
            "versioning": [],
            "website": []
          },
          "sensitive_attributes": [],
          "private": "eyJlMmJmYjczMC1lY2FhLTExZTYtOGY4OC0zNDM2M2JjN2M0YzAiOnsiY3JlYXRlIjo2MDAwMDAwMDAwMDAsInJlYWQiOjI0MDAwMDAwMDAwMCwidXBkYXRlIjoyNDAwMDAwMDAwMDB9LCJzY2hlbWFfdmVyc2lvbiI6IjEifQ==",
          "dependencies": [
            "module.start_stop_scheduler.random_id.bucket_prefix"
          ]
        }
      ]
    },
    {
      "module": "module.start_stop_scheduler",
      "mode": "managed",
      "type": "random_id",
      "name": "bucket_prefix",
      "provider": "provider[\"registry.terraform.io/hashicorp/random\"]",
      "instances": [
        {
          "schema_version": 0,
          "attributes": {
            "b64_std": "L++nzeBa998=",
            "b64_url": "L--nzeBa998",
            "byte_length": 8,
            "dec": "3454163941890652127",
            "hex": "2fefa7cde05af7df",
            "id": "L--nzeBa998",
            "keepers": null,
            "prefix": null
          },
          "sensitive_attributes": []
        }
      ]
    },
    {
      "module": "module.start_stop_scheduler.module.function_start_gke_node_pools[0]",
      "mode": "data",
      "type": "archive_file",
      "name": "default",
      "provider": "provider[\"registry.terraform.io/hashicorp/archive\"]",
      "instances": [
        {
          "schema_version": 0,
          "attributes": {
            "exclude_symlink_directories": null,
            "excludes": null,
            "id": "98322b7a8837adc290f6bfa87ede883077c133b6",
            "output_base64sha256": "7pKC3dRAW4xg/02qlJJvZ4PEY4Kn/o0n5mM+mIyWuco=",
            "output_base64sha512": "icHuy37tVlI7HUjyVqYAuLD+YMOVZQfOs7c4h6wfB/I0ueP7yJ0XyqaDKmVe9IjrrU7fI8HJWVi8Xh95vHQ2xQ==",
            "output_file_mode": null,
            "output_md5": "258087ae8bb92fddd3575a57e50e26aa",
            "output_path": "/tmp/start-gke-node-pools/function-source.zip",
            "output_sha": "98322b7a8837adc290f6bfa87ede883077c133b6",
            "output_sha256": "ee9282ddd4405b8c60ff4daa94926f6783c46382a7fe8d27e6633e988c96b9ca",
            "output_sha512": "89c1eecb7eed56523b1d48f256a600b8b0fe60c3956507ceb3b73887ac1f07f234b9e3fbc89d17caa6832a655ef488ebad4edf23c1c95958bc5e1f79bc7436c5",
            "output_size": 28708,
            "source": [],
            "source_content": null,
            "source_content_filename": null,
            "source_dir": ".terraform/modules/start_stop_scheduler/terraform/../functions/gke",
            "source_file": null,
            "type": "zip"
          },
          "sensitive_attributes": []
        }
      ]
    },
    {
      "module": "module.start_stop_scheduler.module.function_start_gke_node_pools[0]",
      "mode": "managed",
      "type": "google_cloudfunctions2_function",
      "name": "default",
      "provider": "provider[\"registry.terraform.io/hashicorp/google\"]",
      "instances": [
        {
          "schema_version": 0,
          "attributes": {
            "build_config": [
              {
                "automatic_update_policy": [
                  {}
                ],
                "build": "projects/1010942855726/locations/asia-southeast1/builds/16d8793e-7955-4a12-bbf8-4be3d8bb078d",
                "docker_repository": "projects/tdnest-ops/locations/asia-southeast1/repositories/gcf-artifacts",
                "entry_point": "startInstances",
                "environment_variables": {},
                "on_deploy_update_policy": [],
                "runtime": "nodejs18",
                "service_account": "",
                "source": [
                  {
                    "repo_source": [],
                    "storage_source": [
                      {
                        "bucket": "gcf-source-2fefa7cde05af7df",
                        "generation": 1721218647624795,
                        "object": "start-gke-node-pools/function-source-258087ae8bb92fddd3575a57e50e26aa.zip"
                      }
                    ]
                  }
                ],
                "worker_pool": ""
              }
            ],
            "description": "Function for starting GKE node pools",
            "effective_labels": {},
            "environment": "GEN_2",
            "event_trigger": [],
            "id": "projects/tdnest-ops/locations/asia-southeast1/functions/start-gke-node-pools",
            "kms_key_name": "",
            "labels": {},
            "location": "asia-southeast1",
            "name": "start-gke-node-pools",
            "project": "tdnest-ops",
            "service_config": [
              {
                "all_traffic_on_latest_revision": true,
                "available_cpu": "0.1666",
                "available_memory": "256M",
                "environment_variables": {
                  "LOG_EXECUTION_ID": "true"
                },
                "gcf_uri": "",
                "ingress_settings": "ALLOW_INTERNAL_ONLY",
                "max_instance_count": 2,
                "max_instance_request_concurrency": 1,
                "min_instance_count": 0,
                "secret_environment_variables": [],
                "secret_volumes": [],
                "service": "projects/tdnest-ops/locations/asia-southeast1/services/start-gke-node-pools",
                "service_account_email": "sa-start-stop-gke-function@tdnest-ops.iam.gserviceaccount.com",
                "timeout_seconds": 540,
                "uri": "https://start-gke-node-pools-pv4s2khidq-as.a.run.app",
                "vpc_connector": "",
                "vpc_connector_egress_settings": ""
              }
            ],
            "state": "ACTIVE",
            "terraform_labels": {},
            "timeouts": null,
            "update_time": "2024-07-17T12:18:22.080814599Z",
            "url": "https://asia-southeast1-tdnest-ops.cloudfunctions.net/start-gke-node-pools"
          },
          "sensitive_attributes": [],
          "private": "eyJlMmJmYjczMC1lY2FhLTExZTYtOGY4OC0zNDM2M2JjN2M0YzAiOnsiY3JlYXRlIjozNjAwMDAwMDAwMDAwLCJkZWxldGUiOjM2MDAwMDAwMDAwMDAsInVwZGF0ZSI6MzYwMDAwMDAwMDAwMH19",
          "dependencies": [
            "module.start_stop_scheduler.google_service_account.gke_function_sa",
            "module.start_stop_scheduler.google_storage_bucket.default",
            "module.start_stop_scheduler.module.function_start_gke_node_pools.data.archive_file.default",
            "module.start_stop_scheduler.module.function_start_gke_node_pools.google_storage_bucket_object.default",
            "module.start_stop_scheduler.random_id.bucket_prefix"
          ]
        }
      ]
    },
    {
      "module": "module.start_stop_scheduler.module.function_start_gke_node_pools[0]",
      "mode": "managed",
      "type": "google_pubsub_subscription",
      "name": "default",
      "provider": "provider[\"registry.terraform.io/hashicorp/google\"]",
      "instances": [
        {
          "schema_version": 0,
          "attributes": {
            "ack_deadline_seconds": 600,
            "bigquery_config": [],
            "cloud_storage_config": [],
            "dead_letter_policy": [],
            "effective_labels": {},
            "enable_exactly_once_delivery": false,
            "enable_message_ordering": false,
            "expiration_policy": [
              {
                "ttl": "2678400s"
              }
            ],
            "filter": "attributes.gke = \"true\"",
            "id": "projects/tdnest-ops/subscriptions/start-gke-node-pools-subscription",
            "labels": {},
            "message_retention_duration": "604800s",
            "name": "start-gke-node-pools-subscription",
            "project": "tdnest-ops",
            "push_config": [
              {
                "attributes": {},
                "no_wrapper": [],
                "oidc_token": [
                  {
                    "audience": "",
                    "service_account_email": "sa-start-stop-trigger@tdnest-ops.iam.gserviceaccount.com"
                  }
                ],
                "push_endpoint": "https://start-gke-node-pools-pv4s2khidq-as.a.run.app"
              }
            ],
            "retain_acked_messages": false,
            "retry_policy": [],
            "terraform_labels": {},
            "timeouts": null,
            "topic": "projects/tdnest-ops/topics/start-instance"
          },
          "sensitive_attributes": [],
          "private": "eyJlMmJmYjczMC1lY2FhLTExZTYtOGY4OC0zNDM2M2JjN2M0YzAiOnsiY3JlYXRlIjoxMjAwMDAwMDAwMDAwLCJkZWxldGUiOjEyMDAwMDAwMDAwMDAsInVwZGF0ZSI6MTIwMDAwMDAwMDAwMH19",
          "dependencies": [
            "module.start_stop_scheduler.google_pubsub_topic.start_topic",
            "module.start_stop_scheduler.google_service_account.gke_function_sa",
            "module.start_stop_scheduler.google_service_account.trigger_sa",
            "module.start_stop_scheduler.google_storage_bucket.default",
            "module.start_stop_scheduler.module.function_start_gke_node_pools.data.archive_file.default",
            "module.start_stop_scheduler.module.function_start_gke_node_pools.google_cloudfunctions2_function.default",
            "module.start_stop_scheduler.module.function_start_gke_node_pools.google_storage_bucket_object.default",
            "module.start_stop_scheduler.random_id.bucket_prefix"
          ]
        }
      ]
    },
    {
      "module": "module.start_stop_scheduler.module.function_start_gke_node_pools[0]",
      "mode": "managed",
      "type": "google_storage_bucket_object",
      "name": "default",
      "provider": "provider[\"registry.terraform.io/hashicorp/google\"]",
      "instances": [
        {
          "schema_version": 0,
          "attributes": {
            "bucket": "gcf-source-2fefa7cde05af7df",
            "cache_control": "",
            "content": null,
            "content_disposition": "",
            "content_encoding": "",
            "content_language": "",
            "content_type": "application/zip",
            "crc32c": "IaMEKg==",
            "customer_encryption": [],
            "detect_md5hash": "JYCHrou5L93TV1pX5Q4mqg==",
            "event_based_hold": false,
            "id": "gcf-source-2fefa7cde05af7df-start-gke-node-pools/function-source-258087ae8bb92fddd3575a57e50e26aa.zip",
            "kms_key_name": "",
            "md5hash": "JYCHrou5L93TV1pX5Q4mqg==",
            "media_link": "https://storage.googleapis.com/download/storage/v1/b/gcf-source-2fefa7cde05af7df/o/start-gke-node-pools%2Ffunction-source-258087ae8bb92fddd3575a57e50e26aa.zip?generation=1721218287415242\u0026alt=media",
            "metadata": {},
            "name": "start-gke-node-pools/function-source-258087ae8bb92fddd3575a57e50e26aa.zip",
            "output_name": "start-gke-node-pools/function-source-258087ae8bb92fddd3575a57e50e26aa.zip",
            "retention": [],
            "self_link": "https://www.googleapis.com/storage/v1/b/gcf-source-2fefa7cde05af7df/o/start-gke-node-pools%2Ffunction-source-258087ae8bb92fddd3575a57e50e26aa.zip",
            "source": "/tmp/start-gke-node-pools/function-source.zip",
            "storage_class": "STANDARD",
            "temporary_hold": false,
            "timeouts": null
          },
          "sensitive_attributes": [],
          "private": "eyJlMmJmYjczMC1lY2FhLTExZTYtOGY4OC0zNDM2M2JjN2M0YzAiOnsiY3JlYXRlIjoyNDAwMDAwMDAwMDAsImRlbGV0ZSI6MjQwMDAwMDAwMDAwLCJ1cGRhdGUiOjI0MDAwMDAwMDAwMH19",
          "dependencies": [
            "module.start_stop_scheduler.google_storage_bucket.default",
            "module.start_stop_scheduler.module.function_start_gke_node_pools.data.archive_file.default",
            "module.start_stop_scheduler.random_id.bucket_prefix"
          ]
        }
      ]
    },
    {
      "module": "module.start_stop_scheduler.module.function_stop_gke_node_pools[0]",
      "mode": "data",
      "type": "archive_file",
      "name": "default",
      "provider": "provider[\"registry.terraform.io/hashicorp/archive\"]",
      "instances": [
        {
          "schema_version": 0,
          "attributes": {
            "exclude_symlink_directories": null,
            "excludes": null,
            "id": "98322b7a8837adc290f6bfa87ede883077c133b6",
            "output_base64sha256": "7pKC3dRAW4xg/02qlJJvZ4PEY4Kn/o0n5mM+mIyWuco=",
            "output_base64sha512": "icHuy37tVlI7HUjyVqYAuLD+YMOVZQfOs7c4h6wfB/I0ueP7yJ0XyqaDKmVe9IjrrU7fI8HJWVi8Xh95vHQ2xQ==",
            "output_file_mode": null,
            "output_md5": "258087ae8bb92fddd3575a57e50e26aa",
            "output_path": "/tmp/stop-gke-node-pools/function-source.zip",
            "output_sha": "98322b7a8837adc290f6bfa87ede883077c133b6",
            "output_sha256": "ee9282ddd4405b8c60ff4daa94926f6783c46382a7fe8d27e6633e988c96b9ca",
            "output_sha512": "89c1eecb7eed56523b1d48f256a600b8b0fe60c3956507ceb3b73887ac1f07f234b9e3fbc89d17caa6832a655ef488ebad4edf23c1c95958bc5e1f79bc7436c5",
            "output_size": 28708,
            "source": [],
            "source_content": null,
            "source_content_filename": null,
            "source_dir": ".terraform/modules/start_stop_scheduler/terraform/../functions/gke",
            "source_file": null,
            "type": "zip"
          },
          "sensitive_attributes": []
        }
      ]
    },
    {
      "module": "module.start_stop_scheduler.module.function_stop_gke_node_pools[0]",
      "mode": "managed",
      "type": "google_cloudfunctions2_function",
      "name": "default",
      "provider": "provider[\"registry.terraform.io/hashicorp/google\"]",
      "instances": [
        {
          "schema_version": 0,
          "attributes": {
            "build_config": [
              {
                "automatic_update_policy": [
                  {}
                ],
                "build": "projects/1010942855726/locations/asia-southeast1/builds/40821ec1-51b9-46bb-b271-d1f4b25bbc18",
                "docker_repository": "projects/tdnest-ops/locations/asia-southeast1/repositories/gcf-artifacts",
                "entry_point": "stopInstances",
                "environment_variables": {},
                "on_deploy_update_policy": [],
                "runtime": "nodejs18",
                "service_account": "",
                "source": [
                  {
                    "repo_source": [],
                    "storage_source": [
                      {
                        "bucket": "gcf-source-2fefa7cde05af7df",
                        "generation": 1721218647815483,
                        "object": "stop-gke-node-pools/function-source-258087ae8bb92fddd3575a57e50e26aa.zip"
                      }
                    ]
                  }
                ],
                "worker_pool": ""
              }
            ],
            "description": "Function for stopping GKE node pools",
            "effective_labels": {},
            "environment": "GEN_2",
            "event_trigger": [],
            "id": "projects/tdnest-ops/locations/asia-southeast1/functions/stop-gke-node-pools",
            "kms_key_name": "",
            "labels": {},
            "location": "asia-southeast1",
            "name": "stop-gke-node-pools",
            "project": "tdnest-ops",
            "service_config": [
              {
                "all_traffic_on_latest_revision": true,
                "available_cpu": "0.1666",
                "available_memory": "256M",
                "environment_variables": {
                  "LOG_EXECUTION_ID": "true"
                },
                "gcf_uri": "",
                "ingress_settings": "ALLOW_INTERNAL_ONLY",
                "max_instance_count": 2,
                "max_instance_request_concurrency": 1,
                "min_instance_count": 0,
                "secret_environment_variables": [],
                "secret_volumes": [],
                "service": "projects/tdnest-ops/locations/asia-southeast1/services/stop-gke-node-pools",
                "service_account_email": "sa-start-stop-gke-function@tdnest-ops.iam.gserviceaccount.com",
                "timeout_seconds": 540,
                "uri": "https://stop-gke-node-pools-pv4s2khidq-as.a.run.app",
                "vpc_connector": "",
                "vpc_connector_egress_settings": ""
              }
            ],
            "state": "ACTIVE",
            "terraform_labels": {},
            "timeouts": null,
            "update_time": "2024-07-17T12:18:21.084345711Z",
            "url": "https://asia-southeast1-tdnest-ops.cloudfunctions.net/stop-gke-node-pools"
          },
          "sensitive_attributes": [],
          "private": "eyJlMmJmYjczMC1lY2FhLTExZTYtOGY4OC0zNDM2M2JjN2M0YzAiOnsiY3JlYXRlIjozNjAwMDAwMDAwMDAwLCJkZWxldGUiOjM2MDAwMDAwMDAwMDAsInVwZGF0ZSI6MzYwMDAwMDAwMDAwMH19",
          "dependencies": [
            "module.start_stop_scheduler.google_service_account.gke_function_sa",
            "module.start_stop_scheduler.google_storage_bucket.default",
            "module.start_stop_scheduler.module.function_stop_gke_node_pools.data.archive_file.default",
            "module.start_stop_scheduler.module.function_stop_gke_node_pools.google_storage_bucket_object.default",
            "module.start_stop_scheduler.random_id.bucket_prefix"
          ]
        }
      ]
    },
    {
      "module": "module.start_stop_scheduler.module.function_stop_gke_node_pools[0]",
      "mode": "managed",
      "type": "google_pubsub_subscription",
      "name": "default",
      "provider": "provider[\"registry.terraform.io/hashicorp/google\"]",
      "instances": [
        {
          "schema_version": 0,
          "attributes": {
            "ack_deadline_seconds": 600,
            "bigquery_config": [],
            "cloud_storage_config": [],
            "dead_letter_policy": [],
            "effective_labels": {},
            "enable_exactly_once_delivery": false,
            "enable_message_ordering": false,
            "expiration_policy": [
              {
                "ttl": "2678400s"
              }
            ],
            "filter": "attributes.gke = \"true\"",
            "id": "projects/tdnest-ops/subscriptions/stop-gke-node-pools-subscription",
            "labels": {},
            "message_retention_duration": "604800s",
            "name": "stop-gke-node-pools-subscription",
            "project": "tdnest-ops",
            "push_config": [
              {
                "attributes": {},
                "no_wrapper": [],
                "oidc_token": [
                  {
                    "audience": "",
                    "service_account_email": "sa-start-stop-trigger@tdnest-ops.iam.gserviceaccount.com"
                  }
                ],
                "push_endpoint": "https://stop-gke-node-pools-pv4s2khidq-as.a.run.app"
              }
            ],
            "retain_acked_messages": false,
            "retry_policy": [],
            "terraform_labels": {},
            "timeouts": null,
            "topic": "projects/tdnest-ops/topics/stop-instance"
          },
          "sensitive_attributes": [],
          "private": "eyJlMmJmYjczMC1lY2FhLTExZTYtOGY4OC0zNDM2M2JjN2M0YzAiOnsiY3JlYXRlIjoxMjAwMDAwMDAwMDAwLCJkZWxldGUiOjEyMDAwMDAwMDAwMDAsInVwZGF0ZSI6MTIwMDAwMDAwMDAwMH19",
          "dependencies": [
            "module.start_stop_scheduler.google_pubsub_topic.stop_topic",
            "module.start_stop_scheduler.google_service_account.gke_function_sa",
            "module.start_stop_scheduler.google_service_account.trigger_sa",
            "module.start_stop_scheduler.google_storage_bucket.default",
            "module.start_stop_scheduler.module.function_stop_gke_node_pools.data.archive_file.default",
            "module.start_stop_scheduler.module.function_stop_gke_node_pools.google_cloudfunctions2_function.default",
            "module.start_stop_scheduler.module.function_stop_gke_node_pools.google_storage_bucket_object.default",
            "module.start_stop_scheduler.random_id.bucket_prefix"
          ]
        }
      ]
    },
    {
      "module": "module.start_stop_scheduler.module.function_stop_gke_node_pools[0]",
      "mode": "managed",
      "type": "google_storage_bucket_object",
      "name": "default",
      "provider": "provider[\"registry.terraform.io/hashicorp/google\"]",
      "instances": [
        {
          "schema_version": 0,
          "attributes": {
            "bucket": "gcf-source-2fefa7cde05af7df",
            "cache_control": "",
            "content": null,
            "content_disposition": "",
            "content_encoding": "",
            "content_language": "",
            "content_type": "application/zip",
            "crc32c": "IaMEKg==",
            "customer_encryption": [],
            "detect_md5hash": "JYCHrou5L93TV1pX5Q4mqg==",
            "event_based_hold": false,
            "id": "gcf-source-2fefa7cde05af7df-stop-gke-node-pools/function-source-258087ae8bb92fddd3575a57e50e26aa.zip",
            "kms_key_name": "",
            "md5hash": "JYCHrou5L93TV1pX5Q4mqg==",
            "media_link": "https://storage.googleapis.com/download/storage/v1/b/gcf-source-2fefa7cde05af7df/o/stop-gke-node-pools%2Ffunction-source-258087ae8bb92fddd3575a57e50e26aa.zip?generation=1721218287415296\u0026alt=media",
            "metadata": {},
            "name": "stop-gke-node-pools/function-source-258087ae8bb92fddd3575a57e50e26aa.zip",
            "output_name": "stop-gke-node-pools/function-source-258087ae8bb92fddd3575a57e50e26aa.zip",
            "retention": [],
            "self_link": "https://www.googleapis.com/storage/v1/b/gcf-source-2fefa7cde05af7df/o/stop-gke-node-pools%2Ffunction-source-258087ae8bb92fddd3575a57e50e26aa.zip",
            "source": "/tmp/stop-gke-node-pools/function-source.zip",
            "storage_class": "STANDARD",
            "temporary_hold": false,
            "timeouts": null
          },
          "sensitive_attributes": [],
          "private": "eyJlMmJmYjczMC1lY2FhLTExZTYtOGY4OC0zNDM2M2JjN2M0YzAiOnsiY3JlYXRlIjoyNDAwMDAwMDAwMDAsImRlbGV0ZSI6MjQwMDAwMDAwMDAwLCJ1cGRhdGUiOjI0MDAwMDAwMDAwMH19",
          "dependencies": [
            "module.start_stop_scheduler.google_storage_bucket.default",
            "module.start_stop_scheduler.module.function_stop_gke_node_pools.data.archive_file.default",
            "module.start_stop_scheduler.random_id.bucket_prefix"
          ]
        }
      ]
    }
  ],
  "check_results": null
}
